
Microsoft Visual Studio Solution File, Format Version 12.00
Project("{FAE04EC0-301F-11D3-BF4B-00C04F79EFBC}") = "FileLogger", "src\FileLogger\FileLogger.csproj", "{6838FAAC-9290-465D-8BD4-EAF94B33D25E}"
EndProject
Project("{FAE04EC0-301F-11D3-BF4B-00C04F79EFBC}") = "FileLogger.Tests", "src\FileLogger.Tests\FileLogger.Tests.csproj", "{C3FF0F45-BB98-4E43-94F8-96726DA50CD0}"
EndProject
Global
	GlobalSection(SolutionConfigurationPlatforms) = preSolution
		Debug|Any CPU = Debug|Any CPU
		Release|Any CPU = Release|Any CPU
	EndGlobalSection
	GlobalSection(ProjectConfigurationPlatforms) = postSolution
		{6838FAAC-9290-465D-8BD4-EAF94B33D25E}.Debug|Any CPU.ActiveCfg = Debug|Any CPU
		{6838FAAC-9290-465D-8BD4-EAF94B33D25E}.Debug|Any CPU.Build.0 = Debug|Any CPU
		{6838FAAC-9290-465D-8BD4-EAF94B33D25E}.Release|Any CPU.ActiveCfg = Release|Any CPU
		{6838FAAC-9290-465D-8BD4-EAF94B33D25E}.Release|Any CPU.Build.0 = Release|Any CPU
		{C3FF0F45-BB98-4E43-94F8-96726DA50CD0}.Debug|Any CPU.ActiveCfg = Debug|Any CPU
		{C3FF0F45-BB98-4E43-94F8-96726DA50CD0}.Debug|Any CPU.Build.0 = Debug|Any CPU
		{C3FF0F45-BB98-4E43-94F8-96726DA50CD0}.Release|Any CPU.ActiveCfg = Release|Any CPU
		{C3FF0F45-BB98-4E43-94F8-96726DA50CD0}.Release|Any CPU.Build.0 = Release|Any CPU
	EndGlobalSection
EndGlobal
