
Microsoft Visual Studio Solution File, Format Version 12.00
Project("{F2A71F9B-5D33-465A-A702-920D77279786}") = "asemin.FileLogger", "src\asemin.FileLogger\asemin.FileLogger.fsproj", "{ABDE4B13-E8FF-4D44-BEFC-DC761D8D443D}"
EndProject
Project("{F2A71F9B-5D33-465A-A702-920D77279786}") = "FileLogger.Tests", "src\FileLogger.Tests\FileLogger.Tests.fsproj", "{A02D3C3D-E3A0-4B4B-B65E-6B7AC5992CA7}"
EndProject
Project("{F2A71F9B-5D33-465A-A702-920D77279786}") = "Playground", "src\Playground\Playground.fsproj", "{94435DDA-8376-4F1C-BCD1-A54C7BB56230}"
EndProject
Global
	GlobalSection(SolutionConfigurationPlatforms) = preSolution
		Debug|Any CPU = Debug|Any CPU
		Release|Any CPU = Release|Any CPU
	EndGlobalSection
	GlobalSection(ProjectConfigurationPlatforms) = postSolution
		{ABDE4B13-E8FF-4D44-BEFC-DC761D8D443D}.Debug|Any CPU.ActiveCfg = Debug|Any CPU
		{ABDE4B13-E8FF-4D44-BEFC-DC761D8D443D}.Debug|Any CPU.Build.0 = Debug|Any CPU
		{ABDE4B13-E8FF-4D44-BEFC-DC761D8D443D}.Release|Any CPU.ActiveCfg = Release|Any CPU
		{ABDE4B13-E8FF-4D44-BEFC-DC761D8D443D}.Release|Any CPU.Build.0 = Release|Any CPU
		{A02D3C3D-E3A0-4B4B-B65E-6B7AC5992CA7}.Debug|Any CPU.ActiveCfg = Debug|Any CPU
		{A02D3C3D-E3A0-4B4B-B65E-6B7AC5992CA7}.Debug|Any CPU.Build.0 = Debug|Any CPU
		{A02D3C3D-E3A0-4B4B-B65E-6B7AC5992CA7}.Release|Any CPU.ActiveCfg = Release|Any CPU
		{A02D3C3D-E3A0-4B4B-B65E-6B7AC5992CA7}.Release|Any CPU.Build.0 = Release|Any CPU
		{94435DDA-8376-4F1C-BCD1-A54C7BB56230}.Debug|Any CPU.ActiveCfg = Debug|Any CPU
		{94435DDA-8376-4F1C-BCD1-A54C7BB56230}.Debug|Any CPU.Build.0 = Debug|Any CPU
		{94435DDA-8376-4F1C-BCD1-A54C7BB56230}.Release|Any CPU.ActiveCfg = Release|Any CPU
		{94435DDA-8376-4F1C-BCD1-A54C7BB56230}.Release|Any CPU.Build.0 = Release|Any CPU
	EndGlobalSection
EndGlobal
